
Microsoft Visual Studio Solution File, Format Version 12.00
# Visual Studio Version 16
VisualStudioVersion = 16.0.30503.244
MinimumVisualStudioVersion = 10.0.40219.1
Project("{FAE04EC0-301F-11D3-BF4B-00C04F79EFBC}") = "HelloWorld", "HelloWorld.csproj", "{0996E6C8-A97C-4414-9F8E-A598D6763EAD}"
EndProject
Project("{FAE04EC0-301F-11D3-BF4B-00C04F79EFBC}") = "HelloAngela", "..\HelloAngela\HelloAngela.csproj", "{69FBD8E0-28DA-4FDE-A880-0FCBE412A0D5}"
EndProject
Global
	GlobalSection(SolutionConfigurationPlatforms) = preSolution
		Debug|Any CPU = Debug|Any CPU
		Release|Any CPU = Release|Any CPU
	EndGlobalSection
	GlobalSection(ProjectConfigurationPlatforms) = postSolution
		{0996E6C8-A97C-4414-9F8E-A598D6763EAD}.Debug|Any CPU.ActiveCfg = Debug|Any CPU
		{0996E6C8-A97C-4414-9F8E-A598D6763EAD}.Debug|Any CPU.Build.0 = Debug|Any CPU
		{0996E6C8-A97C-4414-9F8E-A598D6763EAD}.Release|Any CPU.ActiveCfg = Release|Any CPU
		{0996E6C8-A97C-4414-9F8E-A598D6763EAD}.Release|Any CPU.Build.0 = Release|Any CPU
		{69FBD8E0-28DA-4FDE-A880-0FCBE412A0D5}.Debug|Any CPU.ActiveCfg = Debug|Any CPU
		{69FBD8E0-28DA-4FDE-A880-0FCBE412A0D5}.Debug|Any CPU.Build.0 = Debug|Any CPU
		{69FBD8E0-28DA-4FDE-A880-0FCBE412A0D5}.Release|Any CPU.ActiveCfg = Release|Any CPU
		{69FBD8E0-28DA-4FDE-A880-0FCBE412A0D5}.Release|Any CPU.Build.0 = Release|Any CPU
	EndGlobalSection
	GlobalSection(SolutionProperties) = preSolution
		HideSolutionNode = FALSE
	EndGlobalSection
	GlobalSection(ExtensibilityGlobals) = postSolution
		SolutionGuid = {8C38F3AA-CF4A-47FD-9955-C8BFBB7EB130}
	EndGlobalSection
EndGlobal
